
Microsoft Visual Studio Solution File, Format Version 12.00
# Visual Studio Version 17
VisualStudioVersion = 17.0.32014.148
MinimumVisualStudioVersion = 10.0.40219.1
Project("{FAE04EC0-301F-11D3-BF4B-00C04F79EFBC}") = "MetodosAbstratosFixacao", "MetodosAbstratosFixacao\MetodosAbstratosFixacao.csproj", "{BB5E43FD-CE77-4771-9F05-E720C755DB5C}"
EndProject
Global
	GlobalSection(SolutionConfigurationPlatforms) = preSolution
		Debug|Any CPU = Debug|Any CPU
		Release|Any CPU = Release|Any CPU
	EndGlobalSection
	GlobalSection(ProjectConfigurationPlatforms) = postSolution
		{BB5E43FD-CE77-4771-9F05-E720C755DB5C}.Debug|Any CPU.ActiveCfg = Debug|Any CPU
		{BB5E43FD-CE77-4771-9F05-E720C755DB5C}.Debug|Any CPU.Build.0 = Debug|Any CPU
		{BB5E43FD-CE77-4771-9F05-E720C755DB5C}.Release|Any CPU.ActiveCfg = Release|Any CPU
		{BB5E43FD-CE77-4771-9F05-E720C755DB5C}.Release|Any CPU.Build.0 = Release|Any CPU
	EndGlobalSection
	GlobalSection(SolutionProperties) = preSolution
		HideSolutionNode = FALSE
	EndGlobalSection
	GlobalSection(ExtensibilityGlobals) = postSolution
		SolutionGuid = {1FBD701E-79A6-4398-8B45-984B17AF8BBB}
	EndGlobalSection
EndGlobal
