
Microsoft Visual Studio Solution File, Format Version 12.00
# Visual Studio Version 17
VisualStudioVersion = 17.0.32014.148
MinimumVisualStudioVersion = 10.0.40219.1
Project("{FAE04EC0-301F-11D3-BF4B-00C04F79EFBC}") = "Params", "Params\Params.csproj", "{EB3FEC22-9CBE-4372-86A9-0DA4B58F8898}"
EndProject
Global
	GlobalSection(SolutionConfigurationPlatforms) = preSolution
		Debug|Any CPU = Debug|Any CPU
		Release|Any CPU = Release|Any CPU
	EndGlobalSection
	GlobalSection(ProjectConfigurationPlatforms) = postSolution
		{EB3FEC22-9CBE-4372-86A9-0DA4B58F8898}.Debug|Any CPU.ActiveCfg = Debug|Any CPU
		{EB3FEC22-9CBE-4372-86A9-0DA4B58F8898}.Debug|Any CPU.Build.0 = Debug|Any CPU
		{EB3FEC22-9CBE-4372-86A9-0DA4B58F8898}.Release|Any CPU.ActiveCfg = Release|Any CPU
		{EB3FEC22-9CBE-4372-86A9-0DA4B58F8898}.Release|Any CPU.Build.0 = Release|Any CPU
	EndGlobalSection
	GlobalSection(SolutionProperties) = preSolution
		HideSolutionNode = FALSE
	EndGlobalSection
	GlobalSection(ExtensibilityGlobals) = postSolution
		SolutionGuid = {456C9F16-48CB-4C12-B1FF-FC9C386915A4}
	EndGlobalSection
EndGlobal
