
Microsoft Visual Studio Solution File, Format Version 12.00
# Visual Studio Version 17
VisualStudioVersion = 17.0.32014.148
MinimumVisualStudioVersion = 10.0.40219.1
Project("{FAE04EC0-301F-11D3-BF4B-00C04F79EFBC}") = "Salario", "Salario\Salario.csproj", "{047F4957-3F8A-4E65-AA87-EFB9AA3D59E1}"
EndProject
Global
	GlobalSection(SolutionConfigurationPlatforms) = preSolution
		Debug|Any CPU = Debug|Any CPU
		Release|Any CPU = Release|Any CPU
	EndGlobalSection
	GlobalSection(ProjectConfigurationPlatforms) = postSolution
		{047F4957-3F8A-4E65-AA87-EFB9AA3D59E1}.Debug|Any CPU.ActiveCfg = Debug|Any CPU
		{047F4957-3F8A-4E65-AA87-EFB9AA3D59E1}.Debug|Any CPU.Build.0 = Debug|Any CPU
		{047F4957-3F8A-4E65-AA87-EFB9AA3D59E1}.Release|Any CPU.ActiveCfg = Release|Any CPU
		{047F4957-3F8A-4E65-AA87-EFB9AA3D59E1}.Release|Any CPU.Build.0 = Release|Any CPU
	EndGlobalSection
	GlobalSection(SolutionProperties) = preSolution
		HideSolutionNode = FALSE
	EndGlobalSection
	GlobalSection(ExtensibilityGlobals) = postSolution
		SolutionGuid = {AA91297E-FB0F-4315-B250-A4E3DCD75FA6}
	EndGlobalSection
EndGlobal
