
Microsoft Visual Studio Solution File, Format Version 12.00
# Visual Studio Version 17
VisualStudioVersion = 17.0.32014.148
MinimumVisualStudioVersion = 10.0.40219.1
Project("{FAE04EC0-301F-11D3-BF4B-00C04F79EFBC}") = "For04", "For04\For04.csproj", "{EAFC5303-2825-426F-B525-0EB55034B6D0}"
EndProject
Global
	GlobalSection(SolutionConfigurationPlatforms) = preSolution
		Debug|Any CPU = Debug|Any CPU
		Release|Any CPU = Release|Any CPU
	EndGlobalSection
	GlobalSection(ProjectConfigurationPlatforms) = postSolution
		{EAFC5303-2825-426F-B525-0EB55034B6D0}.Debug|Any CPU.ActiveCfg = Debug|Any CPU
		{EAFC5303-2825-426F-B525-0EB55034B6D0}.Debug|Any CPU.Build.0 = Debug|Any CPU
		{EAFC5303-2825-426F-B525-0EB55034B6D0}.Release|Any CPU.ActiveCfg = Release|Any CPU
		{EAFC5303-2825-426F-B525-0EB55034B6D0}.Release|Any CPU.Build.0 = Release|Any CPU
	EndGlobalSection
	GlobalSection(SolutionProperties) = preSolution
		HideSolutionNode = FALSE
	EndGlobalSection
	GlobalSection(ExtensibilityGlobals) = postSolution
		SolutionGuid = {03C69C11-4703-4816-BCE1-70875C4A61D3}
	EndGlobalSection
EndGlobal
