
Microsoft Visual Studio Solution File, Format Version 12.00
# Visual Studio Version 17
VisualStudioVersion = 17.0.32014.148
MinimumVisualStudioVersion = 10.0.40219.1
Project("{FAE04EC0-301F-11D3-BF4B-00C04F79EFBC}") = "Predicates", "Predicates\Predicates.csproj", "{37792F9B-4994-40A3-A1C4-48C259928C44}"
EndProject
Global
	GlobalSection(SolutionConfigurationPlatforms) = preSolution
		Debug|Any CPU = Debug|Any CPU
		Release|Any CPU = Release|Any CPU
	EndGlobalSection
	GlobalSection(ProjectConfigurationPlatforms) = postSolution
		{37792F9B-4994-40A3-A1C4-48C259928C44}.Debug|Any CPU.ActiveCfg = Debug|Any CPU
		{37792F9B-4994-40A3-A1C4-48C259928C44}.Debug|Any CPU.Build.0 = Debug|Any CPU
		{37792F9B-4994-40A3-A1C4-48C259928C44}.Release|Any CPU.ActiveCfg = Release|Any CPU
		{37792F9B-4994-40A3-A1C4-48C259928C44}.Release|Any CPU.Build.0 = Release|Any CPU
	EndGlobalSection
	GlobalSection(SolutionProperties) = preSolution
		HideSolutionNode = FALSE
	EndGlobalSection
	GlobalSection(ExtensibilityGlobals) = postSolution
		SolutionGuid = {36E8DAA8-DD06-4148-95EC-F618AFDC576D}
	EndGlobalSection
EndGlobal
