
Microsoft Visual Studio Solution File, Format Version 12.00
# Visual Studio Version 17
VisualStudioVersion = 17.0.32014.148
MinimumVisualStudioVersion = 10.0.40219.1
Project("{FAE04EC0-301F-11D3-BF4B-00C04F79EFBC}") = "FixacaoEx", "FixacaoEx\FixacaoEx.csproj", "{362E781B-BECE-49C3-ABD2-D55AE3AEF0F7}"
EndProject
Global
	GlobalSection(SolutionConfigurationPlatforms) = preSolution
		Debug|Any CPU = Debug|Any CPU
		Release|Any CPU = Release|Any CPU
	EndGlobalSection
	GlobalSection(ProjectConfigurationPlatforms) = postSolution
		{362E781B-BECE-49C3-ABD2-D55AE3AEF0F7}.Debug|Any CPU.ActiveCfg = Debug|Any CPU
		{362E781B-BECE-49C3-ABD2-D55AE3AEF0F7}.Debug|Any CPU.Build.0 = Debug|Any CPU
		{362E781B-BECE-49C3-ABD2-D55AE3AEF0F7}.Release|Any CPU.ActiveCfg = Release|Any CPU
		{362E781B-BECE-49C3-ABD2-D55AE3AEF0F7}.Release|Any CPU.Build.0 = Release|Any CPU
	EndGlobalSection
	GlobalSection(SolutionProperties) = preSolution
		HideSolutionNode = FALSE
	EndGlobalSection
	GlobalSection(ExtensibilityGlobals) = postSolution
		SolutionGuid = {1B29C3C7-7338-4499-9D8F-137B29C08838}
	EndGlobalSection
EndGlobal
