
Microsoft Visual Studio Solution File, Format Version 12.00
# Visual Studio Version 17
VisualStudioVersion = 17.0.32014.148
MinimumVisualStudioVersion = 10.0.40219.1
Project("{FAE04EC0-301F-11D3-BF4B-00C04F79EFBC}") = "Paths", "Paths\Paths.csproj", "{23FCE55B-1C89-4360-89A1-D9B147B65541}"
EndProject
Global
	GlobalSection(SolutionConfigurationPlatforms) = preSolution
		Debug|Any CPU = Debug|Any CPU
		Release|Any CPU = Release|Any CPU
	EndGlobalSection
	GlobalSection(ProjectConfigurationPlatforms) = postSolution
		{23FCE55B-1C89-4360-89A1-D9B147B65541}.Debug|Any CPU.ActiveCfg = Debug|Any CPU
		{23FCE55B-1C89-4360-89A1-D9B147B65541}.Debug|Any CPU.Build.0 = Debug|Any CPU
		{23FCE55B-1C89-4360-89A1-D9B147B65541}.Release|Any CPU.ActiveCfg = Release|Any CPU
		{23FCE55B-1C89-4360-89A1-D9B147B65541}.Release|Any CPU.Build.0 = Release|Any CPU
	EndGlobalSection
	GlobalSection(SolutionProperties) = preSolution
		HideSolutionNode = FALSE
	EndGlobalSection
	GlobalSection(ExtensibilityGlobals) = postSolution
		SolutionGuid = {5FB1D5E1-AA1C-4CDB-9DEA-EEE6C8AEE8B8}
	EndGlobalSection
EndGlobal
