
Microsoft Visual Studio Solution File, Format Version 12.00
# Visual Studio Version 17
VisualStudioVersion = 17.0.32014.148
MinimumVisualStudioVersion = 10.0.40219.1
Project("{FAE04EC0-301F-11D3-BF4B-00C04F79EFBC}") = "Repetitiva03", "Repetitiva03\Repetitiva03.csproj", "{4F1E568F-B46D-40B1-BF71-9A32452617CD}"
EndProject
Global
	GlobalSection(SolutionConfigurationPlatforms) = preSolution
		Debug|Any CPU = Debug|Any CPU
		Release|Any CPU = Release|Any CPU
	EndGlobalSection
	GlobalSection(ProjectConfigurationPlatforms) = postSolution
		{4F1E568F-B46D-40B1-BF71-9A32452617CD}.Debug|Any CPU.ActiveCfg = Debug|Any CPU
		{4F1E568F-B46D-40B1-BF71-9A32452617CD}.Debug|Any CPU.Build.0 = Debug|Any CPU
		{4F1E568F-B46D-40B1-BF71-9A32452617CD}.Release|Any CPU.ActiveCfg = Release|Any CPU
		{4F1E568F-B46D-40B1-BF71-9A32452617CD}.Release|Any CPU.Build.0 = Release|Any CPU
	EndGlobalSection
	GlobalSection(SolutionProperties) = preSolution
		HideSolutionNode = FALSE
	EndGlobalSection
	GlobalSection(ExtensibilityGlobals) = postSolution
		SolutionGuid = {3F8E16B9-4177-4CB8-BFF2-25517CBF0C9B}
	EndGlobalSection
EndGlobal
