
Microsoft Visual Studio Solution File, Format Version 12.00
# Visual Studio Version 17
VisualStudioVersion = 17.0.32014.148
MinimumVisualStudioVersion = 10.0.40219.1
Project("{FAE04EC0-301F-11D3-BF4B-00C04F79EFBC}") = "ExemploE", "ExemploE\ExemploE.csproj", "{1336CBEB-6EA7-4011-9321-B30BE2D3836C}"
EndProject
Global
	GlobalSection(SolutionConfigurationPlatforms) = preSolution
		Debug|Any CPU = Debug|Any CPU
		Release|Any CPU = Release|Any CPU
	EndGlobalSection
	GlobalSection(ProjectConfigurationPlatforms) = postSolution
		{1336CBEB-6EA7-4011-9321-B30BE2D3836C}.Debug|Any CPU.ActiveCfg = Debug|Any CPU
		{1336CBEB-6EA7-4011-9321-B30BE2D3836C}.Debug|Any CPU.Build.0 = Debug|Any CPU
		{1336CBEB-6EA7-4011-9321-B30BE2D3836C}.Release|Any CPU.ActiveCfg = Release|Any CPU
		{1336CBEB-6EA7-4011-9321-B30BE2D3836C}.Release|Any CPU.Build.0 = Release|Any CPU
	EndGlobalSection
	GlobalSection(SolutionProperties) = preSolution
		HideSolutionNode = FALSE
	EndGlobalSection
	GlobalSection(ExtensibilityGlobals) = postSolution
		SolutionGuid = {FBDA138D-8ECF-4C80-85F0-3734A7E53A46}
	EndGlobalSection
EndGlobal
