
Microsoft Visual Studio Solution File, Format Version 12.00
# Visual Studio Version 17
VisualStudioVersion = 17.0.32014.148
MinimumVisualStudioVersion = 10.0.40219.1
Project("{FAE04EC0-301F-11D3-BF4B-00C04F79EFBC}") = "TrianguloComOO", "TrianguloComOO\TrianguloComOO.csproj", "{05184F1E-394B-430A-A152-F92DB80C1E26}"
EndProject
Global
	GlobalSection(SolutionConfigurationPlatforms) = preSolution
		Debug|Any CPU = Debug|Any CPU
		Release|Any CPU = Release|Any CPU
	EndGlobalSection
	GlobalSection(ProjectConfigurationPlatforms) = postSolution
		{05184F1E-394B-430A-A152-F92DB80C1E26}.Debug|Any CPU.ActiveCfg = Debug|Any CPU
		{05184F1E-394B-430A-A152-F92DB80C1E26}.Debug|Any CPU.Build.0 = Debug|Any CPU
		{05184F1E-394B-430A-A152-F92DB80C1E26}.Release|Any CPU.ActiveCfg = Release|Any CPU
		{05184F1E-394B-430A-A152-F92DB80C1E26}.Release|Any CPU.Build.0 = Release|Any CPU
	EndGlobalSection
	GlobalSection(SolutionProperties) = preSolution
		HideSolutionNode = FALSE
	EndGlobalSection
	GlobalSection(ExtensibilityGlobals) = postSolution
		SolutionGuid = {935235AF-E8BD-49D6-A636-2A5F768E7C0B}
	EndGlobalSection
EndGlobal
