
Microsoft Visual Studio Solution File, Format Version 12.00
# Visual Studio Version 17
VisualStudioVersion = 17.0.32014.148
MinimumVisualStudioVersion = 10.0.40219.1
Project("{FAE04EC0-301F-11D3-BF4B-00C04F79EFBC}") = "Sequencial03", "Sequencial03\Sequencial03.csproj", "{EDE4A1EE-B80C-4582-A755-16BC5B9B53CB}"
EndProject
Global
	GlobalSection(SolutionConfigurationPlatforms) = preSolution
		Debug|Any CPU = Debug|Any CPU
		Release|Any CPU = Release|Any CPU
	EndGlobalSection
	GlobalSection(ProjectConfigurationPlatforms) = postSolution
		{EDE4A1EE-B80C-4582-A755-16BC5B9B53CB}.Debug|Any CPU.ActiveCfg = Debug|Any CPU
		{EDE4A1EE-B80C-4582-A755-16BC5B9B53CB}.Debug|Any CPU.Build.0 = Debug|Any CPU
		{EDE4A1EE-B80C-4582-A755-16BC5B9B53CB}.Release|Any CPU.ActiveCfg = Release|Any CPU
		{EDE4A1EE-B80C-4582-A755-16BC5B9B53CB}.Release|Any CPU.Build.0 = Release|Any CPU
	EndGlobalSection
	GlobalSection(SolutionProperties) = preSolution
		HideSolutionNode = FALSE
	EndGlobalSection
	GlobalSection(ExtensibilityGlobals) = postSolution
		SolutionGuid = {408EA360-1F3D-49F0-9B01-322B1F7FAB47}
	EndGlobalSection
EndGlobal
