
Microsoft Visual Studio Solution File, Format Version 12.00
# Visual Studio Version 17
VisualStudioVersion = 17.0.32014.148
MinimumVisualStudioVersion = 10.0.40219.1
Project("{FAE04EC0-301F-11D3-BF4B-00C04F79EFBC}") = "StreamWritters", "StreamWritters\StreamWritters.csproj", "{8D801231-D31A-44C7-909E-FCED70888FF1}"
EndProject
Global
	GlobalSection(SolutionConfigurationPlatforms) = preSolution
		Debug|Any CPU = Debug|Any CPU
		Release|Any CPU = Release|Any CPU
	EndGlobalSection
	GlobalSection(ProjectConfigurationPlatforms) = postSolution
		{8D801231-D31A-44C7-909E-FCED70888FF1}.Debug|Any CPU.ActiveCfg = Debug|Any CPU
		{8D801231-D31A-44C7-909E-FCED70888FF1}.Debug|Any CPU.Build.0 = Debug|Any CPU
		{8D801231-D31A-44C7-909E-FCED70888FF1}.Release|Any CPU.ActiveCfg = Release|Any CPU
		{8D801231-D31A-44C7-909E-FCED70888FF1}.Release|Any CPU.Build.0 = Release|Any CPU
	EndGlobalSection
	GlobalSection(SolutionProperties) = preSolution
		HideSolutionNode = FALSE
	EndGlobalSection
	GlobalSection(ExtensibilityGlobals) = postSolution
		SolutionGuid = {8E845635-B2B2-47B9-8EA9-BE4DDC02D7FA}
	EndGlobalSection
EndGlobal
