
Microsoft Visual Studio Solution File, Format Version 12.00
# Visual Studio Version 17
VisualStudioVersion = 17.0.32014.148
MinimumVisualStudioVersion = 10.0.40219.1
Project("{FAE04EC0-301F-11D3-BF4B-00C04F79EFBC}") = "Directorys", "Directorys\Directorys.csproj", "{2D359F42-D35A-464D-B352-01437299B71E}"
EndProject
Global
	GlobalSection(SolutionConfigurationPlatforms) = preSolution
		Debug|Any CPU = Debug|Any CPU
		Release|Any CPU = Release|Any CPU
	EndGlobalSection
	GlobalSection(ProjectConfigurationPlatforms) = postSolution
		{2D359F42-D35A-464D-B352-01437299B71E}.Debug|Any CPU.ActiveCfg = Debug|Any CPU
		{2D359F42-D35A-464D-B352-01437299B71E}.Debug|Any CPU.Build.0 = Debug|Any CPU
		{2D359F42-D35A-464D-B352-01437299B71E}.Release|Any CPU.ActiveCfg = Release|Any CPU
		{2D359F42-D35A-464D-B352-01437299B71E}.Release|Any CPU.Build.0 = Release|Any CPU
	EndGlobalSection
	GlobalSection(SolutionProperties) = preSolution
		HideSolutionNode = FALSE
	EndGlobalSection
	GlobalSection(ExtensibilityGlobals) = postSolution
		SolutionGuid = {E3849AA8-1313-4E03-88BC-60BB36917215}
	EndGlobalSection
EndGlobal
