
Microsoft Visual Studio Solution File, Format Version 12.00
# Visual Studio Version 17
VisualStudioVersion = 17.0.32014.148
MinimumVisualStudioVersion = 10.0.40219.1
Project("{FAE04EC0-301F-11D3-BF4B-00C04F79EFBC}") = "Condicional06", "Condicional06\Condicional06.csproj", "{90228E04-DC10-44D4-9FF6-D22DCB721595}"
EndProject
Global
	GlobalSection(SolutionConfigurationPlatforms) = preSolution
		Debug|Any CPU = Debug|Any CPU
		Release|Any CPU = Release|Any CPU
	EndGlobalSection
	GlobalSection(ProjectConfigurationPlatforms) = postSolution
		{90228E04-DC10-44D4-9FF6-D22DCB721595}.Debug|Any CPU.ActiveCfg = Debug|Any CPU
		{90228E04-DC10-44D4-9FF6-D22DCB721595}.Debug|Any CPU.Build.0 = Debug|Any CPU
		{90228E04-DC10-44D4-9FF6-D22DCB721595}.Release|Any CPU.ActiveCfg = Release|Any CPU
		{90228E04-DC10-44D4-9FF6-D22DCB721595}.Release|Any CPU.Build.0 = Release|Any CPU
	EndGlobalSection
	GlobalSection(SolutionProperties) = preSolution
		HideSolutionNode = FALSE
	EndGlobalSection
	GlobalSection(ExtensibilityGlobals) = postSolution
		SolutionGuid = {BB3E3516-25CA-47D8-8EC6-5C98607D7688}
	EndGlobalSection
EndGlobal
